
Microsoft Visual Studio Solution File, Format Version 12.00
# Visual Studio Version 17
VisualStudioVersion = 17.7.34031.279
MinimumVisualStudioVersion = 10.0.40219.1
Project("{FAE04EC0-301F-11D3-BF4B-00C04F79EFBC}") = "Memory", "Memory\Memory.csproj", "{5DE816A0-378F-4A77-910E-F5FA49F885F3}"
EndProject
Global
	GlobalSection(SolutionConfigurationPlatforms) = preSolution
		Debug|Any CPU = Debug|Any CPU
		Release|Any CPU = Release|Any CPU
	EndGlobalSection
	GlobalSection(ProjectConfigurationPlatforms) = postSolution
		{5DE816A0-378F-4A77-910E-F5FA49F885F3}.Debug|Any CPU.ActiveCfg = Debug|Any CPU
		{5DE816A0-378F-4A77-910E-F5FA49F885F3}.Debug|Any CPU.Build.0 = Debug|Any CPU
		{5DE816A0-378F-4A77-910E-F5FA49F885F3}.Release|Any CPU.ActiveCfg = Release|Any CPU
		{5DE816A0-378F-4A77-910E-F5FA49F885F3}.Release|Any CPU.Build.0 = Release|Any CPU
	EndGlobalSection
	GlobalSection(SolutionProperties) = preSolution
		HideSolutionNode = FALSE
	EndGlobalSection
	GlobalSection(ExtensibilityGlobals) = postSolution
		SolutionGuid = {5EDECA63-7E5D-4AF7-AFEC-6A40B4BDA52A}
	EndGlobalSection
EndGlobal
